
Microsoft Visual Studio Solution File, Format Version 12.00
# Visual Studio Version 16
VisualStudioVersion = 16.0.30611.23
MinimumVisualStudioVersion = 10.0.40219.1
Project("{FAE04EC0-301F-11D3-BF4B-00C04F79EFBC}") = "47.Day", "47.Day\47.Day.csproj", "{7CC7329A-EF98-4E82-BEBC-09B327FF6EA4}"
EndProject
Global
	GlobalSection(SolutionConfigurationPlatforms) = preSolution
		Debug|Any CPU = Debug|Any CPU
		Release|Any CPU = Release|Any CPU
	EndGlobalSection
	GlobalSection(ProjectConfigurationPlatforms) = postSolution
		{7CC7329A-EF98-4E82-BEBC-09B327FF6EA4}.Debug|Any CPU.ActiveCfg = Debug|Any CPU
		{7CC7329A-EF98-4E82-BEBC-09B327FF6EA4}.Debug|Any CPU.Build.0 = Debug|Any CPU
		{7CC7329A-EF98-4E82-BEBC-09B327FF6EA4}.Release|Any CPU.ActiveCfg = Release|Any CPU
		{7CC7329A-EF98-4E82-BEBC-09B327FF6EA4}.Release|Any CPU.Build.0 = Release|Any CPU
	EndGlobalSection
	GlobalSection(SolutionProperties) = preSolution
		HideSolutionNode = FALSE
	EndGlobalSection
	GlobalSection(ExtensibilityGlobals) = postSolution
		SolutionGuid = {58E513DB-1A99-4BAF-A6FA-9829D0024735}
	EndGlobalSection
EndGlobal
