
Microsoft Visual Studio Solution File, Format Version 12.00
# Visual Studio Version 16
VisualStudioVersion = 16.0.30611.23
MinimumVisualStudioVersion = 10.0.40219.1
Project("{FAE04EC0-301F-11D3-BF4B-00C04F79EFBC}") = "5.Day", "5.Day\5.Day.csproj", "{FB7865F3-7E0C-4C91-94C4-94C810469DF5}"
EndProject
Global
	GlobalSection(SolutionConfigurationPlatforms) = preSolution
		Debug|Any CPU = Debug|Any CPU
		Release|Any CPU = Release|Any CPU
	EndGlobalSection
	GlobalSection(ProjectConfigurationPlatforms) = postSolution
		{FB7865F3-7E0C-4C91-94C4-94C810469DF5}.Debug|Any CPU.ActiveCfg = Debug|Any CPU
		{FB7865F3-7E0C-4C91-94C4-94C810469DF5}.Debug|Any CPU.Build.0 = Debug|Any CPU
		{FB7865F3-7E0C-4C91-94C4-94C810469DF5}.Release|Any CPU.ActiveCfg = Release|Any CPU
		{FB7865F3-7E0C-4C91-94C4-94C810469DF5}.Release|Any CPU.Build.0 = Release|Any CPU
	EndGlobalSection
	GlobalSection(SolutionProperties) = preSolution
		HideSolutionNode = FALSE
	EndGlobalSection
	GlobalSection(ExtensibilityGlobals) = postSolution
		SolutionGuid = {F7604D2F-7D38-47DE-AFE4-BB127D33AF89}
	EndGlobalSection
EndGlobal
