
Microsoft Visual Studio Solution File, Format Version 12.00
# Visual Studio Version 16
VisualStudioVersion = 16.0.30611.23
MinimumVisualStudioVersion = 10.0.40219.1
Project("{FAE04EC0-301F-11D3-BF4B-00C04F79EFBC}") = "55.Day", "55.Day\55.Day.csproj", "{07803222-862D-4270-8929-371D1AC881D2}"
EndProject
Global
	GlobalSection(SolutionConfigurationPlatforms) = preSolution
		Debug|Any CPU = Debug|Any CPU
		Release|Any CPU = Release|Any CPU
	EndGlobalSection
	GlobalSection(ProjectConfigurationPlatforms) = postSolution
		{07803222-862D-4270-8929-371D1AC881D2}.Debug|Any CPU.ActiveCfg = Debug|Any CPU
		{07803222-862D-4270-8929-371D1AC881D2}.Debug|Any CPU.Build.0 = Debug|Any CPU
		{07803222-862D-4270-8929-371D1AC881D2}.Release|Any CPU.ActiveCfg = Release|Any CPU
		{07803222-862D-4270-8929-371D1AC881D2}.Release|Any CPU.Build.0 = Release|Any CPU
	EndGlobalSection
	GlobalSection(SolutionProperties) = preSolution
		HideSolutionNode = FALSE
	EndGlobalSection
	GlobalSection(ExtensibilityGlobals) = postSolution
		SolutionGuid = {AE7D7B3A-97CD-4668-B249-949D8D8D869E}
	EndGlobalSection
EndGlobal
