
Microsoft Visual Studio Solution File, Format Version 12.00
# Visual Studio Version 16
VisualStudioVersion = 16.0.30611.23
MinimumVisualStudioVersion = 10.0.40219.1
Project("{FAE04EC0-301F-11D3-BF4B-00C04F79EFBC}") = "37.Day", "37.Day\37.Day.csproj", "{58A74E9A-647A-48B4-B4A2-7CC08D4393BB}"
EndProject
Global
	GlobalSection(SolutionConfigurationPlatforms) = preSolution
		Debug|Any CPU = Debug|Any CPU
		Release|Any CPU = Release|Any CPU
	EndGlobalSection
	GlobalSection(ProjectConfigurationPlatforms) = postSolution
		{58A74E9A-647A-48B4-B4A2-7CC08D4393BB}.Debug|Any CPU.ActiveCfg = Debug|Any CPU
		{58A74E9A-647A-48B4-B4A2-7CC08D4393BB}.Debug|Any CPU.Build.0 = Debug|Any CPU
		{58A74E9A-647A-48B4-B4A2-7CC08D4393BB}.Release|Any CPU.ActiveCfg = Release|Any CPU
		{58A74E9A-647A-48B4-B4A2-7CC08D4393BB}.Release|Any CPU.Build.0 = Release|Any CPU
	EndGlobalSection
	GlobalSection(SolutionProperties) = preSolution
		HideSolutionNode = FALSE
	EndGlobalSection
	GlobalSection(ExtensibilityGlobals) = postSolution
		SolutionGuid = {3AD6351F-53F8-42D4-9859-AA5E6DF022A3}
	EndGlobalSection
EndGlobal
