
Microsoft Visual Studio Solution File, Format Version 12.00
# Visual Studio Version 16
VisualStudioVersion = 16.0.30611.23
MinimumVisualStudioVersion = 10.0.40219.1
Project("{FAE04EC0-301F-11D3-BF4B-00C04F79EFBC}") = "39.Day", "39.Day\39.Day.csproj", "{049A178B-5CC6-4D5C-B11E-387C6ECA7B8D}"
EndProject
Global
	GlobalSection(SolutionConfigurationPlatforms) = preSolution
		Debug|Any CPU = Debug|Any CPU
		Release|Any CPU = Release|Any CPU
	EndGlobalSection
	GlobalSection(ProjectConfigurationPlatforms) = postSolution
		{049A178B-5CC6-4D5C-B11E-387C6ECA7B8D}.Debug|Any CPU.ActiveCfg = Debug|Any CPU
		{049A178B-5CC6-4D5C-B11E-387C6ECA7B8D}.Debug|Any CPU.Build.0 = Debug|Any CPU
		{049A178B-5CC6-4D5C-B11E-387C6ECA7B8D}.Release|Any CPU.ActiveCfg = Release|Any CPU
		{049A178B-5CC6-4D5C-B11E-387C6ECA7B8D}.Release|Any CPU.Build.0 = Release|Any CPU
	EndGlobalSection
	GlobalSection(SolutionProperties) = preSolution
		HideSolutionNode = FALSE
	EndGlobalSection
	GlobalSection(ExtensibilityGlobals) = postSolution
		SolutionGuid = {FD98D9E4-8772-4466-9647-D60CCC3066F6}
	EndGlobalSection
EndGlobal
