
Microsoft Visual Studio Solution File, Format Version 12.00
# Visual Studio Version 16
VisualStudioVersion = 16.0.30611.23
MinimumVisualStudioVersion = 10.0.40219.1
Project("{FAE04EC0-301F-11D3-BF4B-00C04F79EFBC}") = "24.Day", "24.Day\24.Day.csproj", "{62025AA5-1D78-4234-9E16-D9B4BE36678E}"
EndProject
Global
	GlobalSection(SolutionConfigurationPlatforms) = preSolution
		Debug|Any CPU = Debug|Any CPU
		Release|Any CPU = Release|Any CPU
	EndGlobalSection
	GlobalSection(ProjectConfigurationPlatforms) = postSolution
		{62025AA5-1D78-4234-9E16-D9B4BE36678E}.Debug|Any CPU.ActiveCfg = Debug|Any CPU
		{62025AA5-1D78-4234-9E16-D9B4BE36678E}.Debug|Any CPU.Build.0 = Debug|Any CPU
		{62025AA5-1D78-4234-9E16-D9B4BE36678E}.Release|Any CPU.ActiveCfg = Release|Any CPU
		{62025AA5-1D78-4234-9E16-D9B4BE36678E}.Release|Any CPU.Build.0 = Release|Any CPU
	EndGlobalSection
	GlobalSection(SolutionProperties) = preSolution
		HideSolutionNode = FALSE
	EndGlobalSection
	GlobalSection(ExtensibilityGlobals) = postSolution
		SolutionGuid = {AEE9D813-8953-4270-A746-DD951AF29362}
	EndGlobalSection
EndGlobal
